
Microsoft Visual Studio Solution File, Format Version 12.00
# Visual Studio Version 17
VisualStudioVersion = 17.14.36414.22 d17.14
MinimumVisualStudioVersion = 10.0.40219.1
Project("{FAE04EC0-301F-11D3-BF4B-00C04F79EFBC}") = "AdminLTE.MVC", "AdminLTE.MVC\AdminLTE.MVC.csproj", "{5EE916B1-1F24-4941-BFEA-F38FAA7F7725}"
EndProject
Global
	GlobalSection(SolutionConfigurationPlatforms) = preSolution
		Debug|Any CPU = Debug|Any CPU
		Release|Any CPU = Release|Any CPU
	EndGlobalSection
	GlobalSection(ProjectConfigurationPlatforms) = postSolution
		{5EE916B1-1F24-4941-BFEA-F38FAA7F7725}.Debug|Any CPU.ActiveCfg = Debug|Any CPU
		{5EE916B1-1F24-4941-BFEA-F38FAA7F7725}.Debug|Any CPU.Build.0 = Debug|Any CPU
		{5EE916B1-1F24-4941-BFEA-F38FAA7F7725}.Release|Any CPU.ActiveCfg = Release|Any CPU
		{5EE916B1-1F24-4941-BFEA-F38FAA7F7725}.Release|Any CPU.Build.0 = Release|Any CPU
	EndGlobalSection
	GlobalSection(SolutionProperties) = preSolution
		HideSolutionNode = FALSE
	EndGlobalSection
	GlobalSection(ExtensibilityGlobals) = postSolution
		SolutionGuid = {C6686F19-2D04-407D-94C7-D39035638FDC}
	EndGlobalSection
EndGlobal
